
Microsoft Visual Studio Solution File, Format Version 12.00
# Visual Studio Version 17
VisualStudioVersion = 17.8.34525.116
MinimumVisualStudioVersion = 10.0.40219.1
Project("{FAE04EC0-301F-11D3-BF4B-00C04F79EFBC}") = "Matsiushenka.UI", "Matsiushenka.UI\Matsiushenka.UI.csproj", "{C9072AD8-28F0-4BFF-B069-D5647EB8ADE0}"
EndProject
Global
	GlobalSection(SolutionConfigurationPlatforms) = preSolution
		Debug|Any CPU = Debug|Any CPU
		Release|Any CPU = Release|Any CPU
	EndGlobalSection
	GlobalSection(ProjectConfigurationPlatforms) = postSolution
		{C9072AD8-28F0-4BFF-B069-D5647EB8ADE0}.Debug|Any CPU.ActiveCfg = Debug|Any CPU
		{C9072AD8-28F0-4BFF-B069-D5647EB8ADE0}.Debug|Any CPU.Build.0 = Debug|Any CPU
		{C9072AD8-28F0-4BFF-B069-D5647EB8ADE0}.Release|Any CPU.ActiveCfg = Release|Any CPU
		{C9072AD8-28F0-4BFF-B069-D5647EB8ADE0}.Release|Any CPU.Build.0 = Release|Any CPU
	EndGlobalSection
	GlobalSection(SolutionProperties) = preSolution
		HideSolutionNode = FALSE
	EndGlobalSection
	GlobalSection(ExtensibilityGlobals) = postSolution
		SolutionGuid = {5F3CBCDD-F4A2-442D-AA04-D16301B67BF0}
	EndGlobalSection
EndGlobal
